
Microsoft Visual Studio Solution File, Format Version 12.00
# Visual Studio Version 16
VisualStudioVersion = 16.0.30225.117
MinimumVisualStudioVersion = 10.0.40219.1
Project("{2150E333-8FDC-42A3-9474-1A3956D46DE8}") = "BLL", "BLL", "{54128ACA-B2AE-4292-9FD3-256B39A88345}"
EndProject
Project("{FAE04EC0-301F-11D3-BF4B-00C04F79EFBC}") = "endBackStore", "endBackStore\endBackStore.csproj", "{4A855D28-D17E-4A0C-80F4-6883D7A1CA5E}"
EndProject
Project("{FAE04EC0-301F-11D3-BF4B-00C04F79EFBC}") = "BLL", "BLL\BLL.csproj", "{8F5808AF-64F5-481E-811E-5A260F8C6EAE}"
EndProject
Project("{2150E333-8FDC-42A3-9474-1A3956D46DE8}") = "DAL", "DAL", "{0F72AE4C-FB3D-49C2-9EAC-FCFBB238BB4F}"
EndProject
Project("{FAE04EC0-301F-11D3-BF4B-00C04F79EFBC}") = "DAL", "DAL\DAL.csproj", "{47A3B441-EC95-4A20-AC30-5F6A8545BAEC}"
EndProject
Project("{2150E333-8FDC-42A3-9474-1A3956D46DE8}") = "Solution Items", "Solution Items", "{4E946FDA-1DB4-484D-A918-20EB28B14C0A}"
	ProjectSection(SolutionItems) = preProject
		.editorconfig = .editorconfig
	EndProjectSection
EndProject
Global
	GlobalSection(SolutionConfigurationPlatforms) = preSolution
		Debug|Any CPU = Debug|Any CPU
		Release|Any CPU = Release|Any CPU
	EndGlobalSection
	GlobalSection(ProjectConfigurationPlatforms) = postSolution
		{4A855D28-D17E-4A0C-80F4-6883D7A1CA5E}.Debug|Any CPU.ActiveCfg = Debug|Any CPU
		{4A855D28-D17E-4A0C-80F4-6883D7A1CA5E}.Debug|Any CPU.Build.0 = Debug|Any CPU
		{4A855D28-D17E-4A0C-80F4-6883D7A1CA5E}.Release|Any CPU.ActiveCfg = Release|Any CPU
		{4A855D28-D17E-4A0C-80F4-6883D7A1CA5E}.Release|Any CPU.Build.0 = Release|Any CPU
		{8F5808AF-64F5-481E-811E-5A260F8C6EAE}.Debug|Any CPU.ActiveCfg = Debug|Any CPU
		{8F5808AF-64F5-481E-811E-5A260F8C6EAE}.Debug|Any CPU.Build.0 = Debug|Any CPU
		{8F5808AF-64F5-481E-811E-5A260F8C6EAE}.Release|Any CPU.ActiveCfg = Release|Any CPU
		{8F5808AF-64F5-481E-811E-5A260F8C6EAE}.Release|Any CPU.Build.0 = Release|Any CPU
		{47A3B441-EC95-4A20-AC30-5F6A8545BAEC}.Debug|Any CPU.ActiveCfg = Debug|Any CPU
		{47A3B441-EC95-4A20-AC30-5F6A8545BAEC}.Debug|Any CPU.Build.0 = Debug|Any CPU
		{47A3B441-EC95-4A20-AC30-5F6A8545BAEC}.Release|Any CPU.ActiveCfg = Release|Any CPU
		{47A3B441-EC95-4A20-AC30-5F6A8545BAEC}.Release|Any CPU.Build.0 = Release|Any CPU
	EndGlobalSection
	GlobalSection(SolutionProperties) = preSolution
		HideSolutionNode = FALSE
	EndGlobalSection
	GlobalSection(NestedProjects) = preSolution
		{8F5808AF-64F5-481E-811E-5A260F8C6EAE} = {54128ACA-B2AE-4292-9FD3-256B39A88345}
		{47A3B441-EC95-4A20-AC30-5F6A8545BAEC} = {0F72AE4C-FB3D-49C2-9EAC-FCFBB238BB4F}
	EndGlobalSection
	GlobalSection(ExtensibilityGlobals) = postSolution
		SolutionGuid = {9F606915-FD99-4EC7-923E-D46554324536}
	EndGlobalSection
EndGlobal
